// !$*UTF8*$!
{
	archiveVersion = 1;
	classes = {
	};
	objectVersion = 45;
	objects = {

/* Begin PBXBuildFile section */
		1DDD58160DA1D0A300B32029 /* MainMenu.xib in Resources */ = {isa = PBXBuildFile; fileRef = 1DDD58140DA1D0A300B32029 /* MainMenu.xib */; };
		6E1DD8EF10FFB38100993443 /* header-edytor-poziomow.png in Resources */ = {isa = PBXBuildFile; fileRef = 6E1DD8EB10FFB38100993443 /* header-edytor-poziomow.png */; };
		6E1DD8F010FFB38100993443 /* header-jak-grac.png in Resources */ = {isa = PBXBuildFile; fileRef = 6E1DD8EC10FFB38100993443 /* header-jak-grac.png */; };
		6E1DD8F110FFB38100993443 /* header-pobierz-poziomy.png in Resources */ = {isa = PBXBuildFile; fileRef = 6E1DD8ED10FFB38100993443 /* header-pobierz-poziomy.png */; };
		6E1DD8F210FFB38100993443 /* header-ustawienia.png in Resources */ = {isa = PBXBuildFile; fileRef = 6E1DD8EE10FFB38100993443 /* header-ustawienia.png */; };
		6E1DDABD1100667400993443 /* dude.png in Resources */ = {isa = PBXBuildFile; fileRef = 6E1DDABC1100667400993443 /* dude.png */; };
		6E1DDACB110072F700993443 /* bg2.png in Resources */ = {isa = PBXBuildFile; fileRef = 6E1DDACA110072F700993443 /* bg2.png */; };
		6E1DDE1A11011C8D00993443 /* checkbox-tick.png in Resources */ = {isa = PBXBuildFile; fileRef = 6E1DDE1611011C8D00993443 /* checkbox-tick.png */; };
		6E1DDE1B11011C8D00993443 /* checkbox.png in Resources */ = {isa = PBXBuildFile; fileRef = 6E1DDE1711011C8D00993443 /* checkbox.png */; };
		6E1DDE1C11011C8D00993443 /* radio-button-dot.png in Resources */ = {isa = PBXBuildFile; fileRef = 6E1DDE1811011C8D00993443 /* radio-button-dot.png */; };
		6E1DDE1D11011C8D00993443 /* radio-button.png in Resources */ = {isa = PBXBuildFile; fileRef = 6E1DDE1911011C8D00993443 /* radio-button.png */; };
		6E2042081126C57200AFE166 /* testLevel1.yaspeg in Resources */ = {isa = PBXBuildFile; fileRef = 6E94334D110C7B7300685348 /* testLevel1.yaspeg */; };
		6E2042D911270F9100AFE166 /* GameBoard.m in Sources */ = {isa = PBXBuildFile; fileRef = 6E2042AB11270F9100AFE166 /* GameBoard.m */; };
		6E2042DA11270F9100AFE166 /* AuthorsState.m in Sources */ = {isa = PBXBuildFile; fileRef = 6E2042AE11270F9100AFE166 /* AuthorsState.m */; };
		6E2042DB11270F9100AFE166 /* DownloadState.m in Sources */ = {isa = PBXBuildFile; fileRef = 6E2042B011270F9100AFE166 /* DownloadState.m */; };
		6E2042DC11270F9100AFE166 /* EditorState.m in Sources */ = {isa = PBXBuildFile; fileRef = 6E2042B211270F9100AFE166 /* EditorState.m */; };
		6E2042DD11270F9100AFE166 /* GameItselfState.m in Sources */ = {isa = PBXBuildFile; fileRef = 6E2042B411270F9100AFE166 /* GameItselfState.m */; };
		6E2042DE11270F9100AFE166 /* HelpState.m in Sources */ = {isa = PBXBuildFile; fileRef = 6E2042B611270F9100AFE166 /* HelpState.m */; };
		6E2042DF11270F9100AFE166 /* MainMenuState.m in Sources */ = {isa = PBXBuildFile; fileRef = 6E2042B811270F9100AFE166 /* MainMenuState.m */; };
		6E2042E011270F9100AFE166 /* SettingsState.m in Sources */ = {isa = PBXBuildFile; fileRef = 6E2042BA11270F9100AFE166 /* SettingsState.m */; };
		6E2042E111270F9100AFE166 /* TestState.m in Sources */ = {isa = PBXBuildFile; fileRef = 6E2042BC11270F9100AFE166 /* TestState.m */; };
		6E2042E211270F9100AFE166 /* CALayer+radex.m in Sources */ = {isa = PBXBuildFile; fileRef = 6E2042BF11270F9100AFE166 /* CALayer+radex.m */; };
		6E2042E311270F9100AFE166 /* CATransaction+radex.m in Sources */ = {isa = PBXBuildFile; fileRef = 6E2042C111270F9100AFE166 /* CATransaction+radex.m */; };
		6E2042E411270F9100AFE166 /* ImageLayer.m in Sources */ = {isa = PBXBuildFile; fileRef = 6E2042C311270F9100AFE166 /* ImageLayer.m */; };
		6E2042E511270F9100AFE166 /* KeyHandlingView.m in Sources */ = {isa = PBXBuildFile; fileRef = 6E2042C511270F9100AFE166 /* KeyHandlingView.m */; };
		6E2042E611270F9100AFE166 /* BackButton.m in Sources */ = {isa = PBXBuildFile; fileRef = 6E2042C811270F9100AFE166 /* BackButton.m */; };
		6E2042E711270F9100AFE166 /* Background.m in Sources */ = {isa = PBXBuildFile; fileRef = 6E2042CA11270F9100AFE166 /* Background.m */; };
		6E2042E811270F9100AFE166 /* Button.m in Sources */ = {isa = PBXBuildFile; fileRef = 6E2042CC11270F9100AFE166 /* Button.m */; };
		6E2042E911270F9100AFE166 /* CheckBox.m in Sources */ = {isa = PBXBuildFile; fileRef = 6E2042CE11270F9100AFE166 /* CheckBox.m */; };
		6E2042EA11270F9100AFE166 /* Header.m in Sources */ = {isa = PBXBuildFile; fileRef = 6E2042D011270F9100AFE166 /* Header.m */; };
		6E2042EB11270F9100AFE166 /* ModalAlert.m in Sources */ = {isa = PBXBuildFile; fileRef = 6E2042D211270F9100AFE166 /* ModalAlert.m */; };
		6E2042EC11270F9100AFE166 /* RadioButton.m in Sources */ = {isa = PBXBuildFile; fileRef = 6E2042D411270F9100AFE166 /* RadioButton.m */; };
		6E2042ED11270F9100AFE166 /* RadioButtonGroup.m in Sources */ = {isa = PBXBuildFile; fileRef = 6E2042D611270F9100AFE166 /* RadioButtonGroup.m */; };
		6E2042EE11270F9100AFE166 /* SomeButton.m in Sources */ = {isa = PBXBuildFile; fileRef = 6E2042D811270F9100AFE166 /* SomeButton.m */; };
		6E2042F711270FC300AFE166 /* GameState.m in Sources */ = {isa = PBXBuildFile; fileRef = 6E2042F411270FC300AFE166 /* GameState.m */; };
		6E2042F811270FC300AFE166 /* main.m in Sources */ = {isa = PBXBuildFile; fileRef = 6E2042F511270FC300AFE166 /* main.m */; };
		6E2042F911270FC300AFE166 /* YaspegController.m in Sources */ = {isa = PBXBuildFile; fileRef = 6E2042F611270FC300AFE166 /* YaspegController.m */; };
		6E2EDE6210FF577200EEECD7 /* back-button-selected.png in Resources */ = {isa = PBXBuildFile; fileRef = 6E2EDE6010FF577200EEECD7 /* back-button-selected.png */; };
		6E2EDE6310FF577200EEECD7 /* back-button-unselected.png in Resources */ = {isa = PBXBuildFile; fileRef = 6E2EDE6110FF577200EEECD7 /* back-button-unselected.png */; };
		6E40CED81106763100466539 /* COPYING in Resources */ = {isa = PBXBuildFile; fileRef = 6E40CED71106763100466539 /* COPYING */; };
		6E418C6610FE749E00A4F432 /* header-autorzy.png in Resources */ = {isa = PBXBuildFile; fileRef = 6E418C6210FE749E00A4F432 /* header-autorzy.png */; };
		6E418C6810FE749E00A4F432 /* radex-medium.png in Resources */ = {isa = PBXBuildFile; fileRef = 6E418C6410FE749E00A4F432 /* radex-medium.png */; };
		6E418C6910FE749E00A4F432 /* scenariusz-rezyseria.png in Resources */ = {isa = PBXBuildFile; fileRef = 6E418C6510FE749E00A4F432 /* scenariusz-rezyseria.png */; };
		6E4A843910FBD5790084C89F /* autorzy-item.png in Resources */ = {isa = PBXBuildFile; fileRef = 6E4A842A10FBD5780084C89F /* autorzy-item.png */; };
		6E4A843A10FBD5790084C89F /* by-radex.png in Resources */ = {isa = PBXBuildFile; fileRef = 6E4A842B10FBD5780084C89F /* by-radex.png */; };
		6E4A843C10FBD5790084C89F /* edytor-poziomow-item.png in Resources */ = {isa = PBXBuildFile; fileRef = 6E4A842D10FBD5780084C89F /* edytor-poziomow-item.png */; };
		6E4A843E10FBD5790084C89F /* graj-item.png in Resources */ = {isa = PBXBuildFile; fileRef = 6E4A842F10FBD5780084C89F /* graj-item.png */; };
		6E4A844010FBD5790084C89F /* jak-grac-item.png in Resources */ = {isa = PBXBuildFile; fileRef = 6E4A843110FBD5780084C89F /* jak-grac-item.png */; };
		6E4A844210FBD5790084C89F /* koniec-item.png in Resources */ = {isa = PBXBuildFile; fileRef = 6E4A843310FBD5780084C89F /* koniec-item.png */; };
		6E4A844410FBD5790084C89F /* pobierz-poziomy-item.png in Resources */ = {isa = PBXBuildFile; fileRef = 6E4A843510FBD5780084C89F /* pobierz-poziomy-item.png */; };
		6E4A844610FBD5790084C89F /* ustawienia-item.png in Resources */ = {isa = PBXBuildFile; fileRef = 6E4A843710FBD5780084C89F /* ustawienia-item.png */; };
		6E4D4F3710F7EB13003F7C7A /* YaspegIcon.icns in Resources */ = {isa = PBXBuildFile; fileRef = 6E4D4F3610F7EB13003F7C7A /* YaspegIcon.icns */; };
		6E61CC5C10F0ABEA0027DACF /* bg.png in Resources */ = {isa = PBXBuildFile; fileRef = 6E61CC3310F0ABEA0027DACF /* bg.png */; };
		6E69623B10FA0F8100728B14 /* header-yaspeg-small.png in Resources */ = {isa = PBXBuildFile; fileRef = 6E69623A10FA0F8100728B14 /* header-yaspeg-small.png */; };
		6E91681210EE85A0002F70CC /* QuartzCore.framework in Frameworks */ = {isa = PBXBuildFile; fileRef = 6E91681110EE85A0002F70CC /* QuartzCore.framework */; };
		6E942FB2110BA75D00685348 /* button-bg.png in Resources */ = {isa = PBXBuildFile; fileRef = 6E942FB0110BA75D00685348 /* button-bg.png */; };
		6E942FB3110BA75D00685348 /* button-left.png in Resources */ = {isa = PBXBuildFile; fileRef = 6E942FB1110BA75D00685348 /* button-left.png */; };
		8D11072F0486CEB800E47090 /* Cocoa.framework in Frameworks */ = {isa = PBXBuildFile; fileRef = 1058C7A1FEA54F0111CA2CBB /* Cocoa.framework */; };
/* End PBXBuildFile section */

/* Begin PBXFileReference section */
		1058C7A1FEA54F0111CA2CBB /* Cocoa.framework */ = {isa = PBXFileReference; lastKnownFileType = wrapper.framework; name = Cocoa.framework; path = /System/Library/Frameworks/Cocoa.framework; sourceTree = "<absolute>"; };
		13E42FB307B3F0F600E4EEF1 /* CoreData.framework */ = {isa = PBXFileReference; lastKnownFileType = wrapper.framework; name = CoreData.framework; path = /System/Library/Frameworks/CoreData.framework; sourceTree = "<absolute>"; };
		29B97324FDCFA39411CA2CEA /* AppKit.framework */ = {isa = PBXFileReference; lastKnownFileType = wrapper.framework; name = AppKit.framework; path = /System/Library/Frameworks/AppKit.framework; sourceTree = "<absolute>"; };
		29B97325FDCFA39411CA2CEA /* Foundation.framework */ = {isa = PBXFileReference; lastKnownFileType = wrapper.framework; name = Foundation.framework; path = /System/Library/Frameworks/Foundation.framework; sourceTree = "<absolute>"; };
		6E1DD8EB10FFB38100993443 /* header-edytor-poziomow.png */ = {isa = PBXFileReference; lastKnownFileType = image.png; name = "header-edytor-poziomow.png"; path = "gfx/header-edytor-poziomow.png"; sourceTree = "<group>"; };
		6E1DD8EC10FFB38100993443 /* header-jak-grac.png */ = {isa = PBXFileReference; lastKnownFileType = image.png; name = "header-jak-grac.png"; path = "gfx/header-jak-grac.png"; sourceTree = "<group>"; };
		6E1DD8ED10FFB38100993443 /* header-pobierz-poziomy.png */ = {isa = PBXFileReference; lastKnownFileType = image.png; name = "header-pobierz-poziomy.png"; path = "gfx/header-pobierz-poziomy.png"; sourceTree = "<group>"; };
		6E1DD8EE10FFB38100993443 /* header-ustawienia.png */ = {isa = PBXFileReference; lastKnownFileType = image.png; name = "header-ustawienia.png"; path = "gfx/header-ustawienia.png"; sourceTree = "<group>"; };
		6E1DDABC1100667400993443 /* dude.png */ = {isa = PBXFileReference; lastKnownFileType = image.png; name = dude.png; path = gfx/dude.png; sourceTree = "<group>"; };
		6E1DDACA110072F700993443 /* bg2.png */ = {isa = PBXFileReference; lastKnownFileType = image.png; name = bg2.png; path = gfx/bg2.png; sourceTree = "<group>"; };
		6E1DDE1611011C8D00993443 /* checkbox-tick.png */ = {isa = PBXFileReference; lastKnownFileType = image.png; name = "checkbox-tick.png"; path = "gfx/checkbox-tick.png"; sourceTree = "<group>"; };
		6E1DDE1711011C8D00993443 /* checkbox.png */ = {isa = PBXFileReference; lastKnownFileType = image.png; name = checkbox.png; path = gfx/checkbox.png; sourceTree = "<group>"; };
		6E1DDE1811011C8D00993443 /* radio-button-dot.png */ = {isa = PBXFileReference; lastKnownFileType = image.png; name = "radio-button-dot.png"; path = "gfx/radio-button-dot.png"; sourceTree = "<group>"; };
		6E1DDE1911011C8D00993443 /* radio-button.png */ = {isa = PBXFileReference; lastKnownFileType = image.png; name = "radio-button.png"; path = "gfx/radio-button.png"; sourceTree = "<group>"; };
		6E2042AA11270F9100AFE166 /* GameBoard.h */ = {isa = PBXFileReference; fileEncoding = 4; lastKnownFileType = sourcecode.c.h; name = GameBoard.h; path = src/Game/GameBoard.h; sourceTree = "<group>"; };
		6E2042AB11270F9100AFE166 /* GameBoard.m */ = {isa = PBXFileReference; fileEncoding = 4; lastKnownFileType = sourcecode.c.objc; path = GameBoard.m; sourceTree = "<group>"; };
		6E2042AD11270F9100AFE166 /* AuthorsState.h */ = {isa = PBXFileReference; fileEncoding = 4; lastKnownFileType = sourcecode.c.h; name = AuthorsState.h; path = src/GameStates/AuthorsState.h; sourceTree = "<group>"; };
		6E2042AE11270F9100AFE166 /* AuthorsState.m */ = {isa = PBXFileReference; fileEncoding = 4; lastKnownFileType = sourcecode.c.objc; path = AuthorsState.m; sourceTree = "<group>"; };
		6E2042AF11270F9100AFE166 /* DownloadState.h */ = {isa = PBXFileReference; fileEncoding = 4; lastKnownFileType = sourcecode.c.h; name = DownloadState.h; path = src/GameStates/DownloadState.h; sourceTree = "<group>"; };
		6E2042B011270F9100AFE166 /* DownloadState.m */ = {isa = PBXFileReference; fileEncoding = 4; lastKnownFileType = sourcecode.c.objc; path = DownloadState.m; sourceTree = "<group>"; };
		6E2042B111270F9100AFE166 /* EditorState.h */ = {isa = PBXFileReference; fileEncoding = 4; lastKnownFileType = sourcecode.c.h; name = EditorState.h; path = src/GameStates/EditorState.h; sourceTree = "<group>"; };
		6E2042B211270F9100AFE166 /* EditorState.m */ = {isa = PBXFileReference; fileEncoding = 4; lastKnownFileType = sourcecode.c.objc; path = EditorState.m; sourceTree = "<group>"; };
		6E2042B311270F9100AFE166 /* GameItselfState.h */ = {isa = PBXFileReference; fileEncoding = 4; lastKnownFileType = sourcecode.c.h; name = GameItselfState.h; path = src/GameStates/GameItselfState.h; sourceTree = "<group>"; };
		6E2042B411270F9100AFE166 /* GameItselfState.m */ = {isa = PBXFileReference; fileEncoding = 4; lastKnownFileType = sourcecode.c.objc; path = GameItselfState.m; sourceTree = "<group>"; };
		6E2042B511270F9100AFE166 /* HelpState.h */ = {isa = PBXFileReference; fileEncoding = 4; lastKnownFileType = sourcecode.c.h; name = HelpState.h; path = src/GameStates/HelpState.h; sourceTree = "<group>"; };
		6E2042B611270F9100AFE166 /* HelpState.m */ = {isa = PBXFileReference; fileEncoding = 4; lastKnownFileType = sourcecode.c.objc; path = HelpState.m; sourceTree = "<group>"; };
		6E2042B711270F9100AFE166 /* MainMenuState.h */ = {isa = PBXFileReference; fileEncoding = 4; lastKnownFileType = sourcecode.c.h; name = MainMenuState.h; path = src/GameStates/MainMenuState.h; sourceTree = "<group>"; };
		6E2042B811270F9100AFE166 /* MainMenuState.m */ = {isa = PBXFileReference; fileEncoding = 4; lastKnownFileType = sourcecode.c.objc; path = MainMenuState.m; sourceTree = "<group>"; };
		6E2042B911270F9100AFE166 /* SettingsState.h */ = {isa = PBXFileReference; fileEncoding = 4; lastKnownFileType = sourcecode.c.h; name = SettingsState.h; path = src/GameStates/SettingsState.h; sourceTree = "<group>"; };
		6E2042BA11270F9100AFE166 /* SettingsState.m */ = {isa = PBXFileReference; fileEncoding = 4; lastKnownFileType = sourcecode.c.objc; path = SettingsState.m; sourceTree = "<group>"; };
		6E2042BB11270F9100AFE166 /* TestState.h */ = {isa = PBXFileReference; fileEncoding = 4; lastKnownFileType = sourcecode.c.h; name = TestState.h; path = src/GameStates/TestState.h; sourceTree = "<group>"; };
		6E2042BC11270F9100AFE166 /* TestState.m */ = {isa = PBXFileReference; fileEncoding = 4; lastKnownFileType = sourcecode.c.objc; path = TestState.m; sourceTree = "<group>"; };
		6E2042BE11270F9100AFE166 /* CALayer+radex.h */ = {isa = PBXFileReference; fileEncoding = 4; lastKnownFileType = sourcecode.c.h; name = "CALayer+radex.h"; path = "src/Graphics/CALayer+radex.h"; sourceTree = "<group>"; };
		6E2042BF11270F9100AFE166 /* CALayer+radex.m */ = {isa = PBXFileReference; fileEncoding = 4; lastKnownFileType = sourcecode.c.objc; path = "CALayer+radex.m"; sourceTree = "<group>"; };
		6E2042C011270F9100AFE166 /* CATransaction+radex.h */ = {isa = PBXFileReference; fileEncoding = 4; lastKnownFileType = sourcecode.c.h; name = "CATransaction+radex.h"; path = "src/Graphics/CATransaction+radex.h"; sourceTree = "<group>"; };
		6E2042C111270F9100AFE166 /* CATransaction+radex.m */ = {isa = PBXFileReference; fileEncoding = 4; lastKnownFileType = sourcecode.c.objc; path = "CATransaction+radex.m"; sourceTree = "<group>"; };
		6E2042C211270F9100AFE166 /* ImageLayer.h */ = {isa = PBXFileReference; fileEncoding = 4; lastKnownFileType = sourcecode.c.h; name = ImageLayer.h; path = src/Graphics/ImageLayer.h; sourceTree = "<group>"; };
		6E2042C311270F9100AFE166 /* ImageLayer.m */ = {isa = PBXFileReference; fileEncoding = 4; lastKnownFileType = sourcecode.c.objc; path = ImageLayer.m; sourceTree = "<group>"; };
		6E2042C411270F9100AFE166 /* KeyHandlingView.h */ = {isa = PBXFileReference; fileEncoding = 4; lastKnownFileType = sourcecode.c.h; name = KeyHandlingView.h; path = src/Graphics/KeyHandlingView.h; sourceTree = "<group>"; };
		6E2042C511270F9100AFE166 /* KeyHandlingView.m */ = {isa = PBXFileReference; fileEncoding = 4; lastKnownFileType = sourcecode.c.objc; path = KeyHandlingView.m; sourceTree = "<group>"; };
		6E2042C711270F9100AFE166 /* BackButton.h */ = {isa = PBXFileReference; fileEncoding = 4; lastKnownFileType = sourcecode.c.h; name = BackButton.h; path = src/UI/BackButton.h; sourceTree = "<group>"; };
		6E2042C811270F9100AFE166 /* BackButton.m */ = {isa = PBXFileReference; fileEncoding = 4; lastKnownFileType = sourcecode.c.objc; path = BackButton.m; sourceTree = "<group>"; };
		6E2042C911270F9100AFE166 /* Background.h */ = {isa = PBXFileReference; fileEncoding = 4; lastKnownFileType = sourcecode.c.h; name = Background.h; path = src/UI/Background.h; sourceTree = "<group>"; };
		6E2042CA11270F9100AFE166 /* Background.m */ = {isa = PBXFileReference; fileEncoding = 4; lastKnownFileType = sourcecode.c.objc; path = Background.m; sourceTree = "<group>"; };
		6E2042CB11270F9100AFE166 /* Button.h */ = {isa = PBXFileReference; fileEncoding = 4; lastKnownFileType = sourcecode.c.h; name = Button.h; path = src/UI/Button.h; sourceTree = "<group>"; };
		6E2042CC11270F9100AFE166 /* Button.m */ = {isa = PBXFileReference; fileEncoding = 4; lastKnownFileType = sourcecode.c.objc; path = Button.m; sourceTree = "<group>"; };
		6E2042CD11270F9100AFE166 /* CheckBox.h */ = {isa = PBXFileReference; fileEncoding = 4; lastKnownFileType = sourcecode.c.h; name = CheckBox.h; path = src/UI/CheckBox.h; sourceTree = "<group>"; };
		6E2042CE11270F9100AFE166 /* CheckBox.m */ = {isa = PBXFileReference; fileEncoding = 4; lastKnownFileType = sourcecode.c.objc; path = CheckBox.m; sourceTree = "<group>"; };
		6E2042CF11270F9100AFE166 /* Header.h */ = {isa = PBXFileReference; fileEncoding = 4; lastKnownFileType = sourcecode.c.h; name = Header.h; path = src/UI/Header.h; sourceTree = "<group>"; };
		6E2042D011270F9100AFE166 /* Header.m */ = {isa = PBXFileReference; fileEncoding = 4; lastKnownFileType = sourcecode.c.objc; path = Header.m; sourceTree = "<group>"; };
		6E2042D111270F9100AFE166 /* ModalAlert.h */ = {isa = PBXFileReference; fileEncoding = 4; lastKnownFileType = sourcecode.c.h; name = ModalAlert.h; path = src/UI/ModalAlert.h; sourceTree = "<group>"; };
		6E2042D211270F9100AFE166 /* ModalAlert.m */ = {isa = PBXFileReference; fileEncoding = 4; lastKnownFileType = sourcecode.c.objc; path = ModalAlert.m; sourceTree = "<group>"; };
		6E2042D311270F9100AFE166 /* RadioButton.h */ = {isa = PBXFileReference; fileEncoding = 4; lastKnownFileType = sourcecode.c.h; name = RadioButton.h; path = src/UI/RadioButton.h; sourceTree = "<group>"; };
		6E2042D411270F9100AFE166 /* RadioButton.m */ = {isa = PBXFileReference; fileEncoding = 4; lastKnownFileType = sourcecode.c.objc; path = RadioButton.m; sourceTree = "<group>"; };
		6E2042D511270F9100AFE166 /* RadioButtonGroup.h */ = {isa = PBXFileReference; fileEncoding = 4; lastKnownFileType = sourcecode.c.h; name = RadioButtonGroup.h; path = src/UI/RadioButtonGroup.h; sourceTree = "<group>"; };
		6E2042D611270F9100AFE166 /* RadioButtonGroup.m */ = {isa = PBXFileReference; fileEncoding = 4; lastKnownFileType = sourcecode.c.objc; path = RadioButtonGroup.m; sourceTree = "<group>"; };
		6E2042D711270F9100AFE166 /* SomeButton.h */ = {isa = PBXFileReference; fileEncoding = 4; lastKnownFileType = sourcecode.c.h; name = SomeButton.h; path = src/UI/SomeButton.h; sourceTree = "<group>"; };
		6E2042D811270F9100AFE166 /* SomeButton.m */ = {isa = PBXFileReference; fileEncoding = 4; lastKnownFileType = sourcecode.c.objc; path = SomeButton.m; sourceTree = "<group>"; };
		6E2042EF11270FC300AFE166 /* GameState.h */ = {isa = PBXFileReference; fileEncoding = 4; lastKnownFileType = sourcecode.c.h; name = GameState.h; path = src/GameState.h; sourceTree = "<group>"; };
		6E2042F011270FC300AFE166 /* SynthesizeSingleton.h */ = {isa = PBXFileReference; fileEncoding = 4; lastKnownFileType = sourcecode.c.h; name = SynthesizeSingleton.h; path = src/SynthesizeSingleton.h; sourceTree = "<group>"; };
		6E2042F111270FC300AFE166 /* UI.h */ = {isa = PBXFileReference; fileEncoding = 4; lastKnownFileType = sourcecode.c.h; name = UI.h; path = src/UI.h; sourceTree = "<group>"; };
		6E2042F211270FC300AFE166 /* YaspegController.h */ = {isa = PBXFileReference; fileEncoding = 4; lastKnownFileType = sourcecode.c.h; name = YaspegController.h; path = src/YaspegController.h; sourceTree = "<group>"; };
		6E2042F411270FC300AFE166 /* GameState.m */ = {isa = PBXFileReference; fileEncoding = 4; lastKnownFileType = sourcecode.c.objc; name = GameState.m; path = src/GameState.m; sourceTree = "<group>"; };
		6E2042F511270FC300AFE166 /* main.m */ = {isa = PBXFileReference; fileEncoding = 4; lastKnownFileType = sourcecode.c.objc; name = main.m; path = src/main.m; sourceTree = "<group>"; };
		6E2042F611270FC300AFE166 /* YaspegController.m */ = {isa = PBXFileReference; fileEncoding = 4; lastKnownFileType = sourcecode.c.objc; name = YaspegController.m; path = src/YaspegController.m; sourceTree = "<group>"; };
		6E2043021127102200AFE166 /* Yaspeg_Prefix.pch */ = {isa = PBXFileReference; fileEncoding = 4; lastKnownFileType = sourcecode.c.h; path = Yaspeg_Prefix.pch; sourceTree = "<group>"; };
		6E2EDE6010FF577200EEECD7 /* back-button-selected.png */ = {isa = PBXFileReference; lastKnownFileType = image.png; name = "back-button-selected.png"; path = "gfx/back-button-selected.png"; sourceTree = "<group>"; };
		6E2EDE6110FF577200EEECD7 /* back-button-unselected.png */ = {isa = PBXFileReference; lastKnownFileType = image.png; name = "back-button-unselected.png"; path = "gfx/back-button-unselected.png"; sourceTree = "<group>"; };
		6E40CED71106763100466539 /* COPYING */ = {isa = PBXFileReference; fileEncoding = 4; lastKnownFileType = text; path = COPYING; sourceTree = "<group>"; };
		6E418C6210FE749E00A4F432 /* header-autorzy.png */ = {isa = PBXFileReference; lastKnownFileType = image.png; name = "header-autorzy.png"; path = "gfx/header-autorzy.png"; sourceTree = "<group>"; };
		6E418C6410FE749E00A4F432 /* radex-medium.png */ = {isa = PBXFileReference; lastKnownFileType = image.png; name = "radex-medium.png"; path = "gfx/radex-medium.png"; sourceTree = "<group>"; };
		6E418C6510FE749E00A4F432 /* scenariusz-rezyseria.png */ = {isa = PBXFileReference; lastKnownFileType = image.png; name = "scenariusz-rezyseria.png"; path = "gfx/scenariusz-rezyseria.png"; sourceTree = "<group>"; };
		6E4A842A10FBD5780084C89F /* autorzy-item.png */ = {isa = PBXFileReference; lastKnownFileType = image.png; name = "autorzy-item.png"; path = "gfx/autorzy-item.png"; sourceTree = "<group>"; };
		6E4A842B10FBD5780084C89F /* by-radex.png */ = {isa = PBXFileReference; lastKnownFileType = image.png; name = "by-radex.png"; path = "gfx/by-radex.png"; sourceTree = "<group>"; };
		6E4A842D10FBD5780084C89F /* edytor-poziomow-item.png */ = {isa = PBXFileReference; lastKnownFileType = image.png; name = "edytor-poziomow-item.png"; path = "gfx/edytor-poziomow-item.png"; sourceTree = "<group>"; };
		6E4A842F10FBD5780084C89F /* graj-item.png */ = {isa = PBXFileReference; lastKnownFileType = image.png; name = "graj-item.png"; path = "gfx/graj-item.png"; sourceTree = "<group>"; };
		6E4A843110FBD5780084C89F /* jak-grac-item.png */ = {isa = PBXFileReference; lastKnownFileType = image.png; name = "jak-grac-item.png"; path = "gfx/jak-grac-item.png"; sourceTree = "<group>"; };
		6E4A843310FBD5780084C89F /* koniec-item.png */ = {isa = PBXFileReference; lastKnownFileType = image.png; name = "koniec-item.png"; path = "gfx/koniec-item.png"; sourceTree = "<group>"; };
		6E4A843510FBD5780084C89F /* pobierz-poziomy-item.png */ = {isa = PBXFileReference; lastKnownFileType = image.png; name = "pobierz-poziomy-item.png"; path = "gfx/pobierz-poziomy-item.png"; sourceTree = "<group>"; };
		6E4A843710FBD5780084C89F /* ustawienia-item.png */ = {isa = PBXFileReference; lastKnownFileType = image.png; name = "ustawienia-item.png"; path = "gfx/ustawienia-item.png"; sourceTree = "<group>"; };
		6E4D4F3610F7EB13003F7C7A /* YaspegIcon.icns */ = {isa = PBXFileReference; lastKnownFileType = image.icns; path = YaspegIcon.icns; sourceTree = "<group>"; };
		6E61CC3310F0ABEA0027DACF /* bg.png */ = {isa = PBXFileReference; lastKnownFileType = image.png; name = bg.png; path = gfx/bg.png; sourceTree = "<group>"; };
		6E61CC3D10F0ABEA0027DACF /* level-banal-selected.png */ = {isa = PBXFileReference; lastKnownFileType = image.png; name = "level-banal-selected.png"; path = "gfx/level-banal-selected.png"; sourceTree = "<group>"; };
		6E61CC3E10F0ABEA0027DACF /* level-banal-unselected.png */ = {isa = PBXFileReference; lastKnownFileType = image.png; name = "level-banal-unselected.png"; path = "gfx/level-banal-unselected.png"; sourceTree = "<group>"; };
		6E61CC3F10F0ABEA0027DACF /* level-easy-selected.png */ = {isa = PBXFileReference; lastKnownFileType = image.png; name = "level-easy-selected.png"; path = "gfx/level-easy-selected.png"; sourceTree = "<group>"; };
		6E61CC4010F0ABEA0027DACF /* level-easy-unselected.png */ = {isa = PBXFileReference; lastKnownFileType = image.png; name = "level-easy-unselected.png"; path = "gfx/level-easy-unselected.png"; sourceTree = "<group>"; };
		6E61CC4110F0ABEA0027DACF /* level-extreme-selected.png */ = {isa = PBXFileReference; lastKnownFileType = image.png; name = "level-extreme-selected.png"; path = "gfx/level-extreme-selected.png"; sourceTree = "<group>"; };
		6E61CC4210F0ABEA0027DACF /* level-extreme-unselected.png */ = {isa = PBXFileReference; lastKnownFileType = image.png; name = "level-extreme-unselected.png"; path = "gfx/level-extreme-unselected.png"; sourceTree = "<group>"; };
		6E61CC4310F0ABEA0027DACF /* level-hard-selected.png */ = {isa = PBXFileReference; lastKnownFileType = image.png; name = "level-hard-selected.png"; path = "gfx/level-hard-selected.png"; sourceTree = "<group>"; };
		6E61CC4410F0ABEA0027DACF /* level-hard-unselected.png */ = {isa = PBXFileReference; lastKnownFileType = image.png; name = "level-hard-unselected.png"; path = "gfx/level-hard-unselected.png"; sourceTree = "<group>"; };
		6E61CC4510F0ABEA0027DACF /* level-medium-selected.png */ = {isa = PBXFileReference; lastKnownFileType = image.png; name = "level-medium-selected.png"; path = "gfx/level-medium-selected.png"; sourceTree = "<group>"; };
		6E61CC4610F0ABEA0027DACF /* level-medium-unselected.png */ = {isa = PBXFileReference; lastKnownFileType = image.png; name = "level-medium-unselected.png"; path = "gfx/level-medium-unselected.png"; sourceTree = "<group>"; };
		6E61CC4710F0ABEA0027DACF /* level-nolevel-selected.png */ = {isa = PBXFileReference; lastKnownFileType = image.png; name = "level-nolevel-selected.png"; path = "gfx/level-nolevel-selected.png"; sourceTree = "<group>"; };
		6E61CC4810F0ABEA0027DACF /* level-nolevel-unselected.png */ = {isa = PBXFileReference; lastKnownFileType = image.png; name = "level-nolevel-unselected.png"; path = "gfx/level-nolevel-unselected.png"; sourceTree = "<group>"; };
		6E61CC5110F0ABEA0027DACF /* range-selected.png */ = {isa = PBXFileReference; lastKnownFileType = image.png; name = "range-selected.png"; path = "gfx/range-selected.png"; sourceTree = "<group>"; };
		6E61CC5210F0ABEA0027DACF /* range-unselected.png */ = {isa = PBXFileReference; lastKnownFileType = image.png; name = "range-unselected.png"; path = "gfx/range-unselected.png"; sourceTree = "<group>"; };
		6E61CE8410F53D450027DACF /* Polish */ = {isa = PBXFileReference; lastKnownFileType = file.xib; name = Polish; path = Polish.lproj/MainMenu.xib; sourceTree = "<group>"; };
		6E69623A10FA0F8100728B14 /* header-yaspeg-small.png */ = {isa = PBXFileReference; lastKnownFileType = image.png; name = "header-yaspeg-small.png"; path = "gfx/header-yaspeg-small.png"; sourceTree = "<group>"; };
		6E8749BC10FD2B74004745EF /* class.h */ = {isa = PBXFileReference; fileEncoding = 4; lastKnownFileType = sourcecode.c.h; name = class.h; path = "Yaspeg Game State.pbfiletemplate/class.h"; sourceTree = "<group>"; };
		6E8749BD10FD2B74004745EF /* class.m */ = {isa = PBXFileReference; fileEncoding = 4; lastKnownFileType = sourcecode.c.objc; name = class.m; path = "Yaspeg Game State.pbfiletemplate/class.m"; sourceTree = "<group>"; };
		6E8749BE10FD2B74004745EF /* TemplateInfo.plist */ = {isa = PBXFileReference; fileEncoding = 4; lastKnownFileType = text.plist; name = TemplateInfo.plist; path = "Yaspeg Game State.pbfiletemplate/TemplateInfo.plist"; sourceTree = "<group>"; };
		6E91681110EE85A0002F70CC /* QuartzCore.framework */ = {isa = PBXFileReference; lastKnownFileType = wrapper.framework; name = QuartzCore.framework; path = System/Library/Frameworks/QuartzCore.framework; sourceTree = SDKROOT; };
		6E942FB0110BA75D00685348 /* button-bg.png */ = {isa = PBXFileReference; lastKnownFileType = image.png; name = "button-bg.png"; path = "gfx/button-bg.png"; sourceTree = "<group>"; };
		6E942FB1110BA75D00685348 /* button-left.png */ = {isa = PBXFileReference; lastKnownFileType = image.png; name = "button-left.png"; path = "gfx/button-left.png"; sourceTree = "<group>"; };
		6E943333110C73BC00685348 /* Yaspeg-Info.plist */ = {isa = PBXFileReference; fileEncoding = 4; lastKnownFileType = text.plist.xml; path = "Yaspeg-Info.plist"; sourceTree = "<group>"; };
		6E94334D110C7B7300685348 /* testLevel1.yaspeg */ = {isa = PBXFileReference; fileEncoding = 4; lastKnownFileType = text.xml; path = testLevel1.yaspeg; sourceTree = "<group>"; };
		8D1107320486CEB800E47090 /* Yaspeg.app */ = {isa = PBXFileReference; explicitFileType = wrapper.application; includeInIndex = 0; path = Yaspeg.app; sourceTree = BUILT_PRODUCTS_DIR; };
/* End PBXFileReference section */

/* Begin PBXFrameworksBuildPhase section */
		8D11072E0486CEB800E47090 /* Frameworks */ = {
			isa = PBXFrameworksBuildPhase;
			buildActionMask = 2147483647;
			files = (
				8D11072F0486CEB800E47090 /* Cocoa.framework in Frameworks */,
				6E91681210EE85A0002F70CC /* QuartzCore.framework in Frameworks */,
			);
			runOnlyForDeploymentPostprocessing = 0;
		};
/* End PBXFrameworksBuildPhase section */

/* Begin PBXGroup section */
		1058C7A0FEA54F0111CA2CBB /* Linked Frameworks */ = {
			isa = PBXGroup;
			children = (
				1058C7A1FEA54F0111CA2CBB /* Cocoa.framework */,
				6E91681110EE85A0002F70CC /* QuartzCore.framework */,
			);
			name = "Linked Frameworks";
			sourceTree = "<group>";
		};
		1058C7A2FEA54F0111CA2CBB /* Other Frameworks */ = {
			isa = PBXGroup;
			children = (
				29B97324FDCFA39411CA2CEA /* AppKit.framework */,
				13E42FB307B3F0F600E4EEF1 /* CoreData.framework */,
				29B97325FDCFA39411CA2CEA /* Foundation.framework */,
			);
			name = "Other Frameworks";
			sourceTree = "<group>";
		};
		19C28FACFE9D520D11CA2CBB /* Products */ = {
			isa = PBXGroup;
			children = (
				8D1107320486CEB800E47090 /* Yaspeg.app */,
			);
			name = Products;
			sourceTree = "<group>";
		};
		29B97314FDCFA39411CA2CEA /* Yaspeg2 */ = {
			isa = PBXGroup;
			children = (
				6E2042BD11270F9100AFE166 /* Graphics */,
				6E2042A911270F9100AFE166 /* Game */,
				6E2042C611270F9100AFE166 /* UI */,
				6E2042AC11270F9100AFE166 /* Game States */,
				29B97315FDCFA39411CA2CEA /* Other Sources */,
				6E2043051127103900AFE166 /* Headers */,
				6E40CED91106768700466539 /* Docs */,
				29B97317FDCFA39411CA2CEA /* Resources */,
				29B97323FDCFA39411CA2CEA /* Frameworks */,
				19C28FACFE9D520D11CA2CBB /* Products */,
			);
			name = Yaspeg2;
			sourceTree = "<group>";
		};
		29B97315FDCFA39411CA2CEA /* Other Sources */ = {
			isa = PBXGroup;
			children = (
				6E1094AE10FD299F00703F04 /* Game State Template */,
				6E2042F411270FC300AFE166 /* GameState.m */,
				6E2042F511270FC300AFE166 /* main.m */,
				6E2042F611270FC300AFE166 /* YaspegController.m */,
			);
			name = "Other Sources";
			sourceTree = "<group>";
		};
		29B97317FDCFA39411CA2CEA /* Resources */ = {
			isa = PBXGroup;
			children = (
				6E94334C110C7B4800685348 /* levels */,
				6E61CC2E10F0ABDA0027DACF /* gfx */,
				6E943333110C73BC00685348 /* Yaspeg-Info.plist */,
				6E4D4F3610F7EB13003F7C7A /* YaspegIcon.icns */,
				1DDD58140DA1D0A300B32029 /* MainMenu.xib */,
			);
			name = Resources;
			sourceTree = "<group>";
		};
		29B97323FDCFA39411CA2CEA /* Frameworks */ = {
			isa = PBXGroup;
			children = (
				1058C7A0FEA54F0111CA2CBB /* Linked Frameworks */,
				1058C7A2FEA54F0111CA2CBB /* Other Frameworks */,
			);
			name = Frameworks;
			sourceTree = "<group>";
		};
		6E1094AE10FD299F00703F04 /* Game State Template */ = {
			isa = PBXGroup;
			children = (
				6E8749BC10FD2B74004745EF /* class.h */,
				6E8749BD10FD2B74004745EF /* class.m */,
				6E8749BE10FD2B74004745EF /* TemplateInfo.plist */,
			);
			name = "Game State Template";
			sourceTree = "<group>";
		};
		6E2042A911270F9100AFE166 /* Game */ = {
			isa = PBXGroup;
			children = (
				6E2042AB11270F9100AFE166 /* GameBoard.m */,
			);
			name = Game;
			path = src/Game;
			sourceTree = "<group>";
		};
		6E2042AC11270F9100AFE166 /* Game States */ = {
			isa = PBXGroup;
			children = (
				6E2042AE11270F9100AFE166 /* AuthorsState.m */,
				6E2042B011270F9100AFE166 /* DownloadState.m */,
				6E2042B211270F9100AFE166 /* EditorState.m */,
				6E2042B411270F9100AFE166 /* GameItselfState.m */,
				6E2042B611270F9100AFE166 /* HelpState.m */,
				6E2042B811270F9100AFE166 /* MainMenuState.m */,
				6E2042BA11270F9100AFE166 /* SettingsState.m */,
				6E2042BC11270F9100AFE166 /* TestState.m */,
			);
			name = "Game States";
			path = src/GameStates;
			sourceTree = "<group>";
		};
		6E2042BD11270F9100AFE166 /* Graphics */ = {
			isa = PBXGroup;
			children = (
				6E2042BF11270F9100AFE166 /* CALayer+radex.m */,
				6E2042C111270F9100AFE166 /* CATransaction+radex.m */,
				6E2042C311270F9100AFE166 /* ImageLayer.m */,
				6E2042C511270F9100AFE166 /* KeyHandlingView.m */,
			);
			name = Graphics;
			path = src/Graphics;
			sourceTree = "<group>";
		};
		6E2042C611270F9100AFE166 /* UI */ = {
			isa = PBXGroup;
			children = (
				6E2042C811270F9100AFE166 /* BackButton.m */,
				6E2042CA11270F9100AFE166 /* Background.m */,
				6E2042CC11270F9100AFE166 /* Button.m */,
				6E2042CE11270F9100AFE166 /* CheckBox.m */,
				6E2042D011270F9100AFE166 /* Header.m */,
				6E2042D211270F9100AFE166 /* ModalAlert.m */,
				6E2042D411270F9100AFE166 /* RadioButton.m */,
				6E2042D611270F9100AFE166 /* RadioButtonGroup.m */,
				6E2042D811270F9100AFE166 /* SomeButton.m */,
			);
			name = UI;
			path = src/UI;
			sourceTree = "<group>";
		};
		6E2043051127103900AFE166 /* Headers */ = {
			isa = PBXGroup;
			children = (
				6E2042EF11270FC300AFE166 /* GameState.h */,
				6E2042F011270FC300AFE166 /* SynthesizeSingleton.h */,
				6E2042F111270FC300AFE166 /* UI.h */,
				6E2042F211270FC300AFE166 /* YaspegController.h */,
				6E2043021127102200AFE166 /* Yaspeg_Prefix.pch */,
				6E2042AD11270F9100AFE166 /* AuthorsState.h */,
				6E2042AF11270F9100AFE166 /* DownloadState.h */,
				6E2042B111270F9100AFE166 /* EditorState.h */,
				6E2042B311270F9100AFE166 /* GameItselfState.h */,
				6E2042B511270F9100AFE166 /* HelpState.h */,
				6E2042B711270F9100AFE166 /* MainMenuState.h */,
				6E2042B911270F9100AFE166 /* SettingsState.h */,
				6E2042BB11270F9100AFE166 /* TestState.h */,
				6E2042C711270F9100AFE166 /* BackButton.h */,
				6E2042C911270F9100AFE166 /* Background.h */,
				6E2042CB11270F9100AFE166 /* Button.h */,
				6E2042CD11270F9100AFE166 /* CheckBox.h */,
				6E2042CF11270F9100AFE166 /* Header.h */,
				6E2042D111270F9100AFE166 /* ModalAlert.h */,
				6E2042D311270F9100AFE166 /* RadioButton.h */,
				6E2042D511270F9100AFE166 /* RadioButtonGroup.h */,
				6E2042D711270F9100AFE166 /* SomeButton.h */,
				6E2042AA11270F9100AFE166 /* GameBoard.h */,
				6E2042BE11270F9100AFE166 /* CALayer+radex.h */,
				6E2042C011270F9100AFE166 /* CATransaction+radex.h */,
				6E2042C211270F9100AFE166 /* ImageLayer.h */,
				6E2042C411270F9100AFE166 /* KeyHandlingView.h */,
			);
			name = Headers;
			sourceTree = "<group>";
		};
		6E40CED91106768700466539 /* Docs */ = {
			isa = PBXGroup;
			children = (
				6E40CED71106763100466539 /* COPYING */,
			);
			name = Docs;
			sourceTree = "<group>";
		};
		6E4A84E610FBDD700084C89F /* Menu Items */ = {
			isa = PBXGroup;
			children = (
				6E4A843310FBD5780084C89F /* koniec-item.png */,
				6E4A843710FBD5780084C89F /* ustawienia-item.png */,
				6E4A842F10FBD5780084C89F /* graj-item.png */,
				6E4A843110FBD5780084C89F /* jak-grac-item.png */,
				6E4A843510FBD5780084C89F /* pobierz-poziomy-item.png */,
				6E4A842D10FBD5780084C89F /* edytor-poziomow-item.png */,
				6E4A842A10FBD5780084C89F /* autorzy-item.png */,
			);
			name = "Menu Items";
			sourceTree = "<group>";
		};
		6E4A84E710FBDD9C0084C89F /* Level Indicators */ = {
			isa = PBXGroup;
			children = (
				6E61CC5110F0ABEA0027DACF /* range-selected.png */,
				6E61CC5210F0ABEA0027DACF /* range-unselected.png */,
				6E61CC3D10F0ABEA0027DACF /* level-banal-selected.png */,
				6E61CC3E10F0ABEA0027DACF /* level-banal-unselected.png */,
				6E61CC3F10F0ABEA0027DACF /* level-easy-selected.png */,
				6E61CC4010F0ABEA0027DACF /* level-easy-unselected.png */,
				6E61CC4110F0ABEA0027DACF /* level-extreme-selected.png */,
				6E61CC4210F0ABEA0027DACF /* level-extreme-unselected.png */,
				6E61CC4310F0ABEA0027DACF /* level-hard-selected.png */,
				6E61CC4410F0ABEA0027DACF /* level-hard-unselected.png */,
				6E61CC4510F0ABEA0027DACF /* level-medium-selected.png */,
				6E61CC4610F0ABEA0027DACF /* level-medium-unselected.png */,
				6E61CC4710F0ABEA0027DACF /* level-nolevel-selected.png */,
				6E61CC4810F0ABEA0027DACF /* level-nolevel-unselected.png */,
			);
			name = "Level Indicators";
			sourceTree = "<group>";
		};
		6E61CC2E10F0ABDA0027DACF /* gfx */ = {
			isa = PBXGroup;
			children = (
				6E942FB0110BA75D00685348 /* button-bg.png */,
				6E942FB1110BA75D00685348 /* button-left.png */,
				6E1DDE1611011C8D00993443 /* checkbox-tick.png */,
				6E1DDE1711011C8D00993443 /* checkbox.png */,
				6E1DDE1811011C8D00993443 /* radio-button-dot.png */,
				6E1DDE1911011C8D00993443 /* radio-button.png */,
				6E1DDACA110072F700993443 /* bg2.png */,
				6E1DDABC1100667400993443 /* dude.png */,
				6E1DD8EB10FFB38100993443 /* header-edytor-poziomow.png */,
				6E1DD8EC10FFB38100993443 /* header-jak-grac.png */,
				6E1DD8ED10FFB38100993443 /* header-pobierz-poziomy.png */,
				6E1DD8EE10FFB38100993443 /* header-ustawienia.png */,
				6E2EDE6010FF577200EEECD7 /* back-button-selected.png */,
				6E2EDE6110FF577200EEECD7 /* back-button-unselected.png */,
				6E4A84E710FBDD9C0084C89F /* Level Indicators */,
				6E4A84E610FBDD700084C89F /* Menu Items */,
				6E418C6210FE749E00A4F432 /* header-autorzy.png */,
				6E418C6410FE749E00A4F432 /* radex-medium.png */,
				6E418C6510FE749E00A4F432 /* scenariusz-rezyseria.png */,
				6E4A842B10FBD5780084C89F /* by-radex.png */,
				6E69623A10FA0F8100728B14 /* header-yaspeg-small.png */,
				6E61CC3310F0ABEA0027DACF /* bg.png */,
			);
			name = gfx;
			sourceTree = "<group>";
		};
		6E94334C110C7B4800685348 /* levels */ = {
			isa = PBXGroup;
			children = (
				6E94334D110C7B7300685348 /* testLevel1.yaspeg */,
			);
			name = levels;
			sourceTree = "<group>";
		};
/* End PBXGroup section */

/* Begin PBXNativeTarget section */
		8D1107260486CEB800E47090 /* Yaspeg */ = {
			isa = PBXNativeTarget;
			buildConfigurationList = C01FCF4A08A954540054247B /* Build configuration list for PBXNativeTarget "Yaspeg" */;
			buildPhases = (
				8D1107290486CEB800E47090 /* Resources */,
				8D11072C0486CEB800E47090 /* Sources */,
				8D11072E0486CEB800E47090 /* Frameworks */,
			);
			buildRules = (
			);
			dependencies = (
			);
			name = Yaspeg;
			productInstallPath = "$(HOME)/Applications";
			productName = Yaspeg2;
			productReference = 8D1107320486CEB800E47090 /* Yaspeg.app */;
			productType = "com.apple.product-type.application";
		};
/* End PBXNativeTarget section */

/* Begin PBXProject section */
		29B97313FDCFA39411CA2CEA /* Project object */ = {
			isa = PBXProject;
			attributes = {
				ORGANIZATIONNAME = Radex;
			};
			buildConfigurationList = C01FCF4E08A954540054247B /* Build configuration list for PBXProject "Yaspeg" */;
			compatibilityVersion = "Xcode 3.1";
			hasScannedForEncodings = 1;
			knownRegions = (
				English,
				Japanese,
				French,
				German,
				pl,
				Polish,
			);
			mainGroup = 29B97314FDCFA39411CA2CEA /* Yaspeg2 */;
			projectDirPath = "";
			projectRoot = "";
			targets = (
				8D1107260486CEB800E47090 /* Yaspeg */,
			);
		};
/* End PBXProject section */

/* Begin PBXResourcesBuildPhase section */
		8D1107290486CEB800E47090 /* Resources */ = {
			isa = PBXResourcesBuildPhase;
			buildActionMask = 2147483647;
			files = (
				1DDD58160DA1D0A300B32029 /* MainMenu.xib in Resources */,
				6E61CC5C10F0ABEA0027DACF /* bg.png in Resources */,
				6E4D4F3710F7EB13003F7C7A /* YaspegIcon.icns in Resources */,
				6E69623B10FA0F8100728B14 /* header-yaspeg-small.png in Resources */,
				6E4A843910FBD5790084C89F /* autorzy-item.png in Resources */,
				6E4A843A10FBD5790084C89F /* by-radex.png in Resources */,
				6E4A843C10FBD5790084C89F /* edytor-poziomow-item.png in Resources */,
				6E4A843E10FBD5790084C89F /* graj-item.png in Resources */,
				6E4A844010FBD5790084C89F /* jak-grac-item.png in Resources */,
				6E4A844210FBD5790084C89F /* koniec-item.png in Resources */,
				6E4A844410FBD5790084C89F /* pobierz-poziomy-item.png in Resources */,
				6E4A844610FBD5790084C89F /* ustawienia-item.png in Resources */,
				6E418C6610FE749E00A4F432 /* header-autorzy.png in Resources */,
				6E418C6810FE749E00A4F432 /* radex-medium.png in Resources */,
				6E418C6910FE749E00A4F432 /* scenariusz-rezyseria.png in Resources */,
				6E2EDE6210FF577200EEECD7 /* back-button-selected.png in Resources */,
				6E2EDE6310FF577200EEECD7 /* back-button-unselected.png in Resources */,
				6E1DD8EF10FFB38100993443 /* header-edytor-poziomow.png in Resources */,
				6E1DD8F010FFB38100993443 /* header-jak-grac.png in Resources */,
				6E1DD8F110FFB38100993443 /* header-pobierz-poziomy.png in Resources */,
				6E1DD8F210FFB38100993443 /* header-ustawienia.png in Resources */,
				6E1DDABD1100667400993443 /* dude.png in Resources */,
				6E1DDACB110072F700993443 /* bg2.png in Resources */,
				6E1DDE1A11011C8D00993443 /* checkbox-tick.png in Resources */,
				6E1DDE1B11011C8D00993443 /* checkbox.png in Resources */,
				6E1DDE1C11011C8D00993443 /* radio-button-dot.png in Resources */,
				6E1DDE1D11011C8D00993443 /* radio-button.png in Resources */,
				6E40CED81106763100466539 /* COPYING in Resources */,
				6E942FB2110BA75D00685348 /* button-bg.png in Resources */,
				6E942FB3110BA75D00685348 /* button-left.png in Resources */,
				6E2042081126C57200AFE166 /* testLevel1.yaspeg in Resources */,
			);
			runOnlyForDeploymentPostprocessing = 0;
		};
/* End PBXResourcesBuildPhase section */

/* Begin PBXSourcesBuildPhase section */
		8D11072C0486CEB800E47090 /* Sources */ = {
			isa = PBXSourcesBuildPhase;
			buildActionMask = 2147483647;
			files = (
				6E2042D911270F9100AFE166 /* GameBoard.m in Sources */,
				6E2042DA11270F9100AFE166 /* AuthorsState.m in Sources */,
				6E2042DB11270F9100AFE166 /* DownloadState.m in Sources */,
				6E2042DC11270F9100AFE166 /* EditorState.m in Sources */,
				6E2042DD11270F9100AFE166 /* GameItselfState.m in Sources */,
				6E2042DE11270F9100AFE166 /* HelpState.m in Sources */,
				6E2042DF11270F9100AFE166 /* MainMenuState.m in Sources */,
				6E2042E011270F9100AFE166 /* SettingsState.m in Sources */,
				6E2042E111270F9100AFE166 /* TestState.m in Sources */,
				6E2042E211270F9100AFE166 /* CALayer+radex.m in Sources */,
				6E2042E311270F9100AFE166 /* CATransaction+radex.m in Sources */,
				6E2042E411270F9100AFE166 /* ImageLayer.m in Sources */,
				6E2042E511270F9100AFE166 /* KeyHandlingView.m in Sources */,
				6E2042E611270F9100AFE166 /* BackButton.m in Sources */,
				6E2042E711270F9100AFE166 /* Background.m in Sources */,
				6E2042E811270F9100AFE166 /* Button.m in Sources */,
				6E2042E911270F9100AFE166 /* CheckBox.m in Sources */,
				6E2042EA11270F9100AFE166 /* Header.m in Sources */,
				6E2042EB11270F9100AFE166 /* ModalAlert.m in Sources */,
				6E2042EC11270F9100AFE166 /* RadioButton.m in Sources */,
				6E2042ED11270F9100AFE166 /* RadioButtonGroup.m in Sources */,
				6E2042EE11270F9100AFE166 /* SomeButton.m in Sources */,
				6E2042F711270FC300AFE166 /* GameState.m in Sources */,
				6E2042F811270FC300AFE166 /* main.m in Sources */,
				6E2042F911270FC300AFE166 /* YaspegController.m in Sources */,
			);
			runOnlyForDeploymentPostprocessing = 0;
		};
/* End PBXSourcesBuildPhase section */

/* Begin PBXVariantGroup section */
		1DDD58140DA1D0A300B32029 /* MainMenu.xib */ = {
			isa = PBXVariantGroup;
			children = (
				6E61CE8410F53D450027DACF /* Polish */,
			);
			name = MainMenu.xib;
			sourceTree = "<group>";
		};
/* End PBXVariantGroup section */

/* Begin XCBuildConfiguration section */
		C01FCF4B08A954540054247B /* Debug */ = {
			isa = XCBuildConfiguration;
			buildSettings = {
				ALWAYS_SEARCH_USER_PATHS = NO;
				COPY_PHASE_STRIP = NO;
				CURRENT_PROJECT_VERSION = "";
				GCC_DYNAMIC_NO_PIC = NO;
				GCC_ENABLE_FIX_AND_CONTINUE = YES;
				GCC_MODEL_TUNING = G5;
				GCC_OPTIMIZATION_LEVEL = 0;
				GCC_PRECOMPILE_PREFIX_HEADER = YES;
				GCC_PREFIX_HEADER = Yaspeg_Prefix.pch;
				INFOPLIST_FILE = "Yaspeg-Info.plist";
				INSTALL_PATH = "$(HOME)/Applications";
				PRODUCT_NAME = Yaspeg;
				VERSIONING_SYSTEM = "";
			};
			name = Debug;
		};
		C01FCF4C08A954540054247B /* Release */ = {
			isa = XCBuildConfiguration;
			buildSettings = {
				ALWAYS_SEARCH_USER_PATHS = NO;
				CURRENT_PROJECT_VERSION = "";
				DEBUG_INFORMATION_FORMAT = "dwarf-with-dsym";
				GCC_MODEL_TUNING = G5;
				GCC_PRECOMPILE_PREFIX_HEADER = YES;
				GCC_PREFIX_HEADER = Yaspeg_Prefix.pch;
				INFOPLIST_FILE = "Yaspeg-Info.plist";
				INSTALL_PATH = "$(HOME)/Applications";
				PRODUCT_NAME = Yaspeg;
				VERSIONING_SYSTEM = "";
			};
			name = Release;
		};
		C01FCF4F08A954540054247B /* Debug */ = {
			isa = XCBuildConfiguration;
			buildSettings = {
				ARCHS = "$(ARCHS_STANDARD_32_64_BIT)";
				GCC_C_LANGUAGE_STANDARD = gnu99;
				GCC_ENABLE_OBJC_GC = required;
				GCC_OPTIMIZATION_LEVEL = 0;
				GCC_VERSION = com.apple.compilers.llvm.clang.1_0;
				GCC_WARN_ABOUT_RETURN_TYPE = YES;
				GCC_WARN_UNUSED_VARIABLE = YES;
				ONLY_ACTIVE_ARCH = YES;
				PREBINDING = NO;
				SDKROOT = macosx10.5;
			};
			name = Debug;
		};
		C01FCF5008A954540054247B /* Release */ = {
			isa = XCBuildConfiguration;
			buildSettings = {
				ARCHS = "$(ARCHS_STANDARD_32_64_BIT)";
				GCC_C_LANGUAGE_STANDARD = gnu99;
				GCC_ENABLE_OBJC_GC = required;
				GCC_VERSION = com.apple.compilers.llvm.clang.1_0;
				GCC_WARN_ABOUT_RETURN_TYPE = YES;
				GCC_WARN_UNUSED_VARIABLE = YES;
				PREBINDING = NO;
				SDKROOT = macosx10.5;
			};
			name = Release;
		};
/* End XCBuildConfiguration section */

/* Begin XCConfigurationList section */
		C01FCF4A08A954540054247B /* Build configuration list for PBXNativeTarget "Yaspeg" */ = {
			isa = XCConfigurationList;
			buildConfigurations = (
				C01FCF4B08A954540054247B /* Debug */,
				C01FCF4C08A954540054247B /* Release */,
			);
			defaultConfigurationIsVisible = 0;
			defaultConfigurationName = Release;
		};
		C01FCF4E08A954540054247B /* Build configuration list for PBXProject "Yaspeg" */ = {
			isa = XCConfigurationList;
			buildConfigurations = (
				C01FCF4F08A954540054247B /* Debug */,
				C01FCF5008A954540054247B /* Release */,
			);
			defaultConfigurationIsVisible = 0;
			defaultConfigurationName = Release;
		};
/* End XCConfigurationList section */
	};
	rootObject = 29B97313FDCFA39411CA2CEA /* Project object */;
}
